// !$*UTF8*$!
{
	archiveVersion = 1;
	classes = {
	};
	objectVersion = 56;
	objects = {

/* Begin PBXBuildFile section */
		0566C6DE292EB212004797E0 /* AppDelegate.swift in Sources */ = {isa = PBXBuildFile; fileRef = 0566C6DD292EB212004797E0 /* AppDelegate.swift */; };
		0566C6E0292EB212004797E0 /* SceneDelegate.swift in Sources */ = {isa = PBXBuildFile; fileRef = 0566C6DF292EB212004797E0 /* SceneDelegate.swift */; };
		0566C6E2292EB212004797E0 /* ViewController.swift in Sources */ = {isa = PBXBuildFile; fileRef = 0566C6E1292EB212004797E0 /* ViewController.swift */; };
		0566C6E5292EB212004797E0 /* Main.storyboard in Resources */ = {isa = PBXBuildFile; fileRef = 0566C6E3292EB212004797E0 /* Main.storyboard */; };
		0566C6E7292EB213004797E0 /* Assets.xcassets in Resources */ = {isa = PBXBuildFile; fileRef = 0566C6E6292EB213004797E0 /* Assets.xcassets */; };
		0566C6EA292EB213004797E0 /* LaunchScreen.storyboard in Resources */ = {isa = PBXBuildFile; fileRef = 0566C6E8292EB213004797E0 /* LaunchScreen.storyboard */; };
		0566C6F5292EB213004797E0 /* BreakingBadTests.swift in Sources */ = {isa = PBXBuildFile; fileRef = 0566C6F4292EB213004797E0 /* BreakingBadTests.swift */; };
		0566C6FF292EB213004797E0 /* BreakingBadUITests.swift in Sources */ = {isa = PBXBuildFile; fileRef = 0566C6FE292EB213004797E0 /* BreakingBadUITests.swift */; };
		0566C701292EB213004797E0 /* BreakingBadUITestsLaunchTests.swift in Sources */ = {isa = PBXBuildFile; fileRef = 0566C700292EB213004797E0 /* BreakingBadUITestsLaunchTests.swift */; };
		0566C70F292EB275004797E0 /* Client.swift in Sources */ = {isa = PBXBuildFile; fileRef = 0566C70E292EB275004797E0 /* Client.swift */; };
		0566C711292EB99A004797E0 /* BaseResponse.swift in Sources */ = {isa = PBXBuildFile; fileRef = 0566C710292EB99A004797E0 /* BaseResponse.swift */; };
		0566C714292EBC32004797E0 /* CharacterModel.swift in Sources */ = {isa = PBXBuildFile; fileRef = 0566C713292EBC32004797E0 /* CharacterModel.swift */; };
/* End PBXBuildFile section */

/* Begin PBXContainerItemProxy section */
		0566C6F1292EB213004797E0 /* PBXContainerItemProxy */ = {
			isa = PBXContainerItemProxy;
			containerPortal = 0566C6D2292EB212004797E0 /* Project object */;
			proxyType = 1;
			remoteGlobalIDString = 0566C6D9292EB212004797E0;
			remoteInfo = BreakingBad;
		};
		0566C6FB292EB213004797E0 /* PBXContainerItemProxy */ = {
			isa = PBXContainerItemProxy;
			containerPortal = 0566C6D2292EB212004797E0 /* Project object */;
			proxyType = 1;
			remoteGlobalIDString = 0566C6D9292EB212004797E0;
			remoteInfo = BreakingBad;
		};
/* End PBXContainerItemProxy section */

/* Begin PBXFileReference section */
		0566C6DA292EB212004797E0 /* BreakingBad.app */ = {isa = PBXFileReference; explicitFileType = wrapper.application; includeInIndex = 0; path = BreakingBad.app; sourceTree = BUILT_PRODUCTS_DIR; };
		0566C6DD292EB212004797E0 /* AppDelegate.swift */ = {isa = PBXFileReference; lastKnownFileType = sourcecode.swift; path = AppDelegate.swift; sourceTree = "<group>"; };
		0566C6DF292EB212004797E0 /* SceneDelegate.swift */ = {isa = PBXFileReference; lastKnownFileType = sourcecode.swift; path = SceneDelegate.swift; sourceTree = "<group>"; };
		0566C6E1292EB212004797E0 /* ViewController.swift */ = {isa = PBXFileReference; lastKnownFileType = sourcecode.swift; path = ViewController.swift; sourceTree = "<group>"; };
		0566C6E4292EB212004797E0 /* Base */ = {isa = PBXFileReference; lastKnownFileType = file.storyboard; name = Base; path = Base.lproj/Main.storyboard; sourceTree = "<group>"; };
		0566C6E6292EB213004797E0 /* Assets.xcassets */ = {isa = PBXFileReference; lastKnownFileType = folder.assetcatalog; path = Assets.xcassets; sourceTree = "<group>"; };
		0566C6E9292EB213004797E0 /* Base */ = {isa = PBXFileReference; lastKnownFileType = file.storyboard; name = Base; path = Base.lproj/LaunchScreen.storyboard; sourceTree = "<group>"; };
		0566C6EB292EB213004797E0 /* Info.plist */ = {isa = PBXFileReference; lastKnownFileType = text.plist.xml; path = Info.plist; sourceTree = "<group>"; };
		0566C6F0292EB213004797E0 /* BreakingBadTests.xctest */ = {isa = PBXFileReference; explicitFileType = wrapper.cfbundle; includeInIndex = 0; path = BreakingBadTests.xctest; sourceTree = BUILT_PRODUCTS_DIR; };
		0566C6F4292EB213004797E0 /* BreakingBadTests.swift */ = {isa = PBXFileReference; lastKnownFileType = sourcecode.swift; path = BreakingBadTests.swift; sourceTree = "<group>"; };
		0566C6FA292EB213004797E0 /* BreakingBadUITests.xctest */ = {isa = PBXFileReference; explicitFileType = wrapper.cfbundle; includeInIndex = 0; path = BreakingBadUITests.xctest; sourceTree = BUILT_PRODUCTS_DIR; };
		0566C6FE292EB213004797E0 /* BreakingBadUITests.swift */ = {isa = PBXFileReference; lastKnownFileType = sourcecode.swift; path = BreakingBadUITests.swift; sourceTree = "<group>"; };
		0566C700292EB213004797E0 /* BreakingBadUITestsLaunchTests.swift */ = {isa = PBXFileReference; lastKnownFileType = sourcecode.swift; path = BreakingBadUITestsLaunchTests.swift; sourceTree = "<group>"; };
		0566C70E292EB275004797E0 /* Client.swift */ = {isa = PBXFileReference; lastKnownFileType = sourcecode.swift; path = Client.swift; sourceTree = "<group>"; };
		0566C710292EB99A004797E0 /* BaseResponse.swift */ = {isa = PBXFileReference; lastKnownFileType = sourcecode.swift; path = BaseResponse.swift; sourceTree = "<group>"; };
		0566C713292EBC32004797E0 /* CharacterModel.swift */ = {isa = PBXFileReference; lastKnownFileType = sourcecode.swift; path = CharacterModel.swift; sourceTree = "<group>"; };
/* End PBXFileReference section */

/* Begin PBXFrameworksBuildPhase section */
		0566C6D7292EB212004797E0 /* Frameworks */ = {
			isa = PBXFrameworksBuildPhase;
			buildActionMask = 2147483647;
			files = (
			);
			runOnlyForDeploymentPostprocessing = 0;
		};
		0566C6ED292EB213004797E0 /* Frameworks */ = {
			isa = PBXFrameworksBuildPhase;
			buildActionMask = 2147483647;
			files = (
			);
			runOnlyForDeploymentPostprocessing = 0;
		};
		0566C6F7292EB213004797E0 /* Frameworks */ = {
			isa = PBXFrameworksBuildPhase;
			buildActionMask = 2147483647;
			files = (
			);
			runOnlyForDeploymentPostprocessing = 0;
		};
/* End PBXFrameworksBuildPhase section */

/* Begin PBXGroup section */
		0566C6D1292EB212004797E0 = {
			isa = PBXGroup;
			children = (
				0566C6DC292EB212004797E0 /* BreakingBad */,
				0566C6F3292EB213004797E0 /* BreakingBadTests */,
				0566C6FD292EB213004797E0 /* BreakingBadUITests */,
				0566C6DB292EB212004797E0 /* Products */,
			);
			sourceTree = "<group>";
		};
		0566C6DB292EB212004797E0 /* Products */ = {
			isa = PBXGroup;
			children = (
				0566C6DA292EB212004797E0 /* BreakingBad.app */,
				0566C6F0292EB213004797E0 /* BreakingBadTests.xctest */,
				0566C6FA292EB213004797E0 /* BreakingBadUITests.xctest */,
			);
			name = Products;
			sourceTree = "<group>";
		};
		0566C6DC292EB212004797E0 /* BreakingBad */ = {
			isa = PBXGroup;
			children = (
				0566C712292EBC1F004797E0 /* Model */,
				0566C70D292EB265004797E0 /* Service */,
				0566C6DD292EB212004797E0 /* AppDelegate.swift */,
				0566C6DF292EB212004797E0 /* SceneDelegate.swift */,
				0566C6E1292EB212004797E0 /* ViewController.swift */,
				0566C6E3292EB212004797E0 /* Main.storyboard */,
				0566C6E6292EB213004797E0 /* Assets.xcassets */,
				0566C6E8292EB213004797E0 /* LaunchScreen.storyboard */,
				0566C6EB292EB213004797E0 /* Info.plist */,
			);
			path = BreakingBad;
			sourceTree = "<group>";
		};
		0566C6F3292EB213004797E0 /* BreakingBadTests */ = {
			isa = PBXGroup;
			children = (
				0566C6F4292EB213004797E0 /* BreakingBadTests.swift */,
			);
			path = BreakingBadTests;
			sourceTree = "<group>";
		};
		0566C6FD292EB213004797E0 /* BreakingBadUITests */ = {
			isa = PBXGroup;
			children = (
				0566C6FE292EB213004797E0 /* BreakingBadUITests.swift */,
				0566C700292EB213004797E0 /* BreakingBadUITestsLaunchTests.swift */,
			);
			path = BreakingBadUITests;
			sourceTree = "<group>";
		};
		0566C70D292EB265004797E0 /* Service */ = {
			isa = PBXGroup;
			children = (
				0566C70E292EB275004797E0 /* Client.swift */,
				0566C710292EB99A004797E0 /* BaseResponse.swift */,
			);
			path = Service;
			sourceTree = "<group>";
		};
		0566C712292EBC1F004797E0 /* Model */ = {
			isa = PBXGroup;
			children = (
				0566C713292EBC32004797E0 /* CharacterModel.swift */,
			);
			path = Model;
			sourceTree = "<group>";
		};
/* End PBXGroup section */

/* Begin PBXNativeTarget section */
		0566C6D9292EB212004797E0 /* BreakingBad */ = {
			isa = PBXNativeTarget;
			buildConfigurationList = 0566C704292EB213004797E0 /* Build configuration list for PBXNativeTarget "BreakingBad" */;
			buildPhases = (
				0566C6D6292EB212004797E0 /* Sources */,
				0566C6D7292EB212004797E0 /* Frameworks */,
				0566C6D8292EB212004797E0 /* Resources */,
			);
			buildRules = (
			);
			dependencies = (
			);
			name = BreakingBad;
			productName = BreakingBad;
			productReference = 0566C6DA292EB212004797E0 /* BreakingBad.app */;
			productType = "com.apple.product-type.application";
		};
		0566C6EF292EB213004797E0 /* BreakingBadTests */ = {
			isa = PBXNativeTarget;
			buildConfigurationList = 0566C707292EB213004797E0 /* Build configuration list for PBXNativeTarget "BreakingBadTests" */;
			buildPhases = (
				0566C6EC292EB213004797E0 /* Sources */,
				0566C6ED292EB213004797E0 /* Frameworks */,
				0566C6EE292EB213004797E0 /* Resources */,
			);
			buildRules = (
			);
			dependencies = (
				0566C6F2292EB213004797E0 /* PBXTargetDependency */,
			);
			name = BreakingBadTests;
			productName = BreakingBadTests;
			productReference = 0566C6F0292EB213004797E0 /* BreakingBadTests.xctest */;
			productType = "com.apple.product-type.bundle.unit-test";
		};
		0566C6F9292EB213004797E0 /* BreakingBadUITests */ = {
			isa = PBXNativeTarget;
			buildConfigurationList = 0566C70A292EB213004797E0 /* Build configuration list for PBXNativeTarget "BreakingBadUITests" */;
			buildPhases = (
				0566C6F6292EB213004797E0 /* Sources */,
				0566C6F7292EB213004797E0 /* Frameworks */,
				0566C6F8292EB213004797E0 /* Resources */,
			);
			buildRules = (
			);
			dependencies = (
				0566C6FC292EB213004797E0 /* PBXTargetDependency */,
			);
			name = BreakingBadUITests;
			productName = BreakingBadUITests;
			productReference = 0566C6FA292EB213004797E0 /* BreakingBadUITests.xctest */;
			productType = "com.apple.product-type.bundle.ui-testing";
		};
/* End PBXNativeTarget section */

/* Begin PBXProject section */
		0566C6D2292EB212004797E0 /* Project object */ = {
			isa = PBXProject;
			attributes = {
				BuildIndependentTargetsInParallel = 1;
				LastSwiftUpdateCheck = 1410;
				LastUpgradeCheck = 1410;
				TargetAttributes = {
					0566C6D9292EB212004797E0 = {
						CreatedOnToolsVersion = 14.1;
					};
					0566C6EF292EB213004797E0 = {
						CreatedOnToolsVersion = 14.1;
						TestTargetID = 0566C6D9292EB212004797E0;
					};
					0566C6F9292EB213004797E0 = {
						CreatedOnToolsVersion = 14.1;
						TestTargetID = 0566C6D9292EB212004797E0;
					};
				};
			};
			buildConfigurationList = 0566C6D5292EB212004797E0 /* Build configuration list for PBXProject "BreakingBad" */;
			compatibilityVersion = "Xcode 14.0";
			developmentRegion = en;
			hasScannedForEncodings = 0;
			knownRegions = (
				en,
				Base,
			);
			mainGroup = 0566C6D1292EB212004797E0;
			productRefGroup = 0566C6DB292EB212004797E0 /* Products */;
			projectDirPath = "";
			projectRoot = "";
			targets = (
				0566C6D9292EB212004797E0 /* BreakingBad */,
				0566C6EF292EB213004797E0 /* BreakingBadTests */,
				0566C6F9292EB213004797E0 /* BreakingBadUITests */,
			);
		};
/* End PBXProject section */

/* Begin PBXResourcesBuildPhase section */
		0566C6D8292EB212004797E0 /* Resources */ = {
			isa = PBXResourcesBuildPhase;
			buildActionMask = 2147483647;
			files = (
				0566C6EA292EB213004797E0 /* LaunchScreen.storyboard in Resources */,
				0566C6E7292EB213004797E0 /* Assets.xcassets in Resources */,
				0566C6E5292EB212004797E0 /* Main.storyboard in Resources */,
			);
			runOnlyForDeploymentPostprocessing = 0;
		};
		0566C6EE292EB213004797E0 /* Resources */ = {
			isa = PBXResourcesBuildPhase;
			buildActionMask = 2147483647;
			files = (
			);
			runOnlyForDeploymentPostprocessing = 0;
		};
		0566C6F8292EB213004797E0 /* Resources */ = {
			isa = PBXResourcesBuildPhase;
			buildActionMask = 2147483647;
			files = (
			);
			runOnlyForDeploymentPostprocessing = 0;
		};
/* End PBXResourcesBuildPhase section */

/* Begin PBXSourcesBuildPhase section */
		0566C6D6292EB212004797E0 /* Sources */ = {
			isa = PBXSourcesBuildPhase;
			buildActionMask = 2147483647;
			files = (
				0566C711292EB99A004797E0 /* BaseResponse.swift in Sources */,
				0566C6E2292EB212004797E0 /* ViewController.swift in Sources */,
				0566C6DE292EB212004797E0 /* AppDelegate.swift in Sources */,
				0566C714292EBC32004797E0 /* CharacterModel.swift in Sources */,
				0566C70F292EB275004797E0 /* Client.swift in Sources */,
				0566C6E0292EB212004797E0 /* SceneDelegate.swift in Sources */,
			);
			runOnlyForDeploymentPostprocessing = 0;
		};
		0566C6EC292EB213004797E0 /* Sources */ = {
			isa = PBXSourcesBuildPhase;
			buildActionMask = 2147483647;
			files = (
				0566C6F5292EB213004797E0 /* BreakingBadTests.swift in Sources */,
			);
			runOnlyForDeploymentPostprocessing = 0;
		};
		0566C6F6292EB213004797E0 /* Sources */ = {
			isa = PBXSourcesBuildPhase;
			buildActionMask = 2147483647;
			files = (
				0566C6FF292EB213004797E0 /* BreakingBadUITests.swift in Sources */,
				0566C701292EB213004797E0 /* BreakingBadUITestsLaunchTests.swift in Sources */,
			);
			runOnlyForDeploymentPostprocessing = 0;
		};
/* End PBXSourcesBuildPhase section */

/* Begin PBXTargetDependency section */
		0566C6F2292EB213004797E0 /* PBXTargetDependency */ = {
			isa = PBXTargetDependency;
			target = 0566C6D9292EB212004797E0 /* BreakingBad */;
			targetProxy = 0566C6F1292EB213004797E0 /* PBXContainerItemProxy */;
		};
		0566C6FC292EB213004797E0 /* PBXTargetDependency */ = {
			isa = PBXTargetDependency;
			target = 0566C6D9292EB212004797E0 /* BreakingBad */;
			targetProxy = 0566C6FB292EB213004797E0 /* PBXContainerItemProxy */;
		};
/* End PBXTargetDependency section */

/* Begin PBXVariantGroup section */
		0566C6E3292EB212004797E0 /* Main.storyboard */ = {
			isa = PBXVariantGroup;
			children = (
				0566C6E4292EB212004797E0 /* Base */,
			);
			name = Main.storyboard;
			sourceTree = "<group>";
		};
		0566C6E8292EB213004797E0 /* LaunchScreen.storyboard */ = {
			isa = PBXVariantGroup;
			children = (
				0566C6E9292EB213004797E0 /* Base */,
			);
			name = LaunchScreen.storyboard;
			sourceTree = "<group>";
		};
/* End PBXVariantGroup section */

/* Begin XCBuildConfiguration section */
		0566C702292EB213004797E0 /* Debug */ = {
			isa = XCBuildConfiguration;
			buildSettings = {
				ALWAYS_SEARCH_USER_PATHS = NO;
				CLANG_ANALYZER_NONNULL = YES;
				CLANG_ANALYZER_NUMBER_OBJECT_CONVERSION = YES_AGGRESSIVE;
				CLANG_CXX_LANGUAGE_STANDARD = "gnu++20";
				CLANG_ENABLE_MODULES = YES;
				CLANG_ENABLE_OBJC_ARC = YES;
				CLANG_ENABLE_OBJC_WEAK = YES;
				CLANG_WARN_BLOCK_CAPTURE_AUTORELEASING = YES;
				CLANG_WARN_BOOL_CONVERSION = YES;
				CLANG_WARN_COMMA = YES;
				CLANG_WARN_CONSTANT_CONVERSION = YES;
				CLANG_WARN_DEPRECATED_OBJC_IMPLEMENTATIONS = YES;
				CLANG_WARN_DIRECT_OBJC_ISA_USAGE = YES_ERROR;
				CLANG_WARN_DOCUMENTATION_COMMENTS = YES;
				CLANG_WARN_EMPTY_BODY = YES;
				CLANG_WARN_ENUM_CONVERSION = YES;
				CLANG_WARN_INFINITE_RECURSION = YES;
				CLANG_WARN_INT_CONVERSION = YES;
				CLANG_WARN_NON_LITERAL_NULL_CONVERSION = YES;
				CLANG_WARN_OBJC_IMPLICIT_RETAIN_SELF = YES;
				CLANG_WARN_OBJC_LITERAL_CONVERSION = YES;
				CLANG_WARN_OBJC_ROOT_CLASS = YES_ERROR;
				CLANG_WARN_QUOTED_INCLUDE_IN_FRAMEWORK_HEADER = YES;
				CLANG_WARN_RANGE_LOOP_ANALYSIS = YES;
				CLANG_WARN_STRICT_PROTOTYPES = YES;
				CLANG_WARN_SUSPICIOUS_MOVE = YES;
				CLANG_WARN_UNGUARDED_AVAILABILITY = YES_AGGRESSIVE;
				CLANG_WARN_UNREACHABLE_CODE = YES;
				CLANG_WARN__DUPLICATE_METHOD_MATCH = YES;
				COPY_PHASE_STRIP = NO;
				DEBUG_INFORMATION_FORMAT = dwarf;
				ENABLE_STRICT_OBJC_MSGSEND = YES;
				ENABLE_TESTABILITY = YES;
				GCC_C_LANGUAGE_STANDARD = gnu11;
				GCC_DYNAMIC_NO_PIC = NO;
				GCC_NO_COMMON_BLOCKS = YES;
				GCC_OPTIMIZATION_LEVEL = 0;
				GCC_PREPROCESSOR_DEFINITIONS = (
					"DEBUG=1",
					"$(inherited)",
				);
				GCC_WARN_64_TO_32_BIT_CONVERSION = YES;
				GCC_WARN_ABOUT_RETURN_TYPE = YES_ERROR;
				GCC_WARN_UNDECLARED_SELECTOR = YES;
				GCC_WARN_UNINITIALIZED_AUTOS = YES_AGGRESSIVE;
				GCC_WARN_UNUSED_FUNCTION = YES;
				GCC_WARN_UNUSED_VARIABLE = YES;
				IPHONEOS_DEPLOYMENT_TARGET = 16.1;
				MTL_ENABLE_DEBUG_INFO = INCLUDE_SOURCE;
				MTL_FAST_MATH = YES;
				ONLY_ACTIVE_ARCH = YES;
				SDKROOT = iphoneos;
				SWIFT_ACTIVE_COMPILATION_CONDITIONS = DEBUG;
				SWIFT_OPTIMIZATION_LEVEL = "-Onone";
			};
			name = Debug;
		};
		0566C703292EB213004797E0 /* Release */ = {
			isa = XCBuildConfiguration;
			buildSettings = {
				ALWAYS_SEARCH_USER_PATHS = NO;
				CLANG_ANALYZER_NONNULL = YES;
				CLANG_ANALYZER_NUMBER_OBJECT_CONVERSION = YES_AGGRESSIVE;
				CLANG_CXX_LANGUAGE_STANDARD = "gnu++20";
				CLANG_ENABLE_MODULES = YES;
				CLANG_ENABLE_OBJC_ARC = YES;
				CLANG_ENABLE_OBJC_WEAK = YES;
				CLANG_WARN_BLOCK_CAPTURE_AUTORELEASING = YES;
				CLANG_WARN_BOOL_CONVERSION = YES;
				CLANG_WARN_COMMA = YES;
				CLANG_WARN_CONSTANT_CONVERSION = YES;
				CLANG_WARN_DEPRECATED_OBJC_IMPLEMENTATIONS = YES;
				CLANG_WARN_DIRECT_OBJC_ISA_USAGE = YES_ERROR;
				CLANG_WARN_DOCUMENTATION_COMMENTS = YES;
				CLANG_WARN_EMPTY_BODY = YES;
				CLANG_WARN_ENUM_CONVERSION = YES;
				CLANG_WARN_INFINITE_RECURSION = YES;
				CLANG_WARN_INT_CONVERSION = YES;
				CLANG_WARN_NON_LITERAL_NULL_CONVERSION = YES;
				CLANG_WARN_OBJC_IMPLICIT_RETAIN_SELF = YES;
				CLANG_WARN_OBJC_LITERAL_CONVERSION = YES;
				CLANG_WARN_OBJC_ROOT_CLASS = YES_ERROR;
				CLANG_WARN_QUOTED_INCLUDE_IN_FRAMEWORK_HEADER = YES;
				CLANG_WARN_RANGE_LOOP_ANALYSIS = YES;
				CLANG_WARN_STRICT_PROTOTYPES = YES;
				CLANG_WARN_SUSPICIOUS_MOVE = YES;
				CLANG_WARN_UNGUARDED_AVAILABILITY = YES_AGGRESSIVE;
				CLANG_WARN_UNREACHABLE_CODE = YES;
				CLANG_WARN__DUPLICATE_METHOD_MATCH = YES;
				COPY_PHASE_STRIP = NO;
				DEBUG_INFORMATION_FORMAT = "dwarf-with-dsym";
				ENABLE_NS_ASSERTIONS = NO;
				ENABLE_STRICT_OBJC_MSGSEND = YES;
				GCC_C_LANGUAGE_STANDARD = gnu11;
				GCC_NO_COMMON_BLOCKS = YES;
				GCC_WARN_64_TO_32_BIT_CONVERSION = YES;
				GCC_WARN_ABOUT_RETURN_TYPE = YES_ERROR;
				GCC_WARN_UNDECLARED_SELECTOR = YES;
				GCC_WARN_UNINITIALIZED_AUTOS = YES_AGGRESSIVE;
				GCC_WARN_UNUSED_FUNCTION = YES;
				GCC_WARN_UNUSED_VARIABLE = YES;
				IPHONEOS_DEPLOYMENT_TARGET = 16.1;
				MTL_ENABLE_DEBUG_INFO = NO;
				MTL_FAST_MATH = YES;
				SDKROOT = iphoneos;
				SWIFT_COMPILATION_MODE = wholemodule;
				SWIFT_OPTIMIZATION_LEVEL = "-O";
				VALIDATE_PRODUCT = YES;
			};
			name = Release;
		};
		0566C705292EB213004797E0 /* Debug */ = {
			isa = XCBuildConfiguration;
			buildSettings = {
				ASSETCATALOG_COMPILER_APPICON_NAME = AppIcon;
				ASSETCATALOG_COMPILER_GLOBAL_ACCENT_COLOR_NAME = AccentColor;
				CODE_SIGN_STYLE = Automatic;
				CURRENT_PROJECT_VERSION = 1;
				GENERATE_INFOPLIST_FILE = YES;
				INFOPLIST_FILE = BreakingBad/Info.plist;
				INFOPLIST_KEY_UIApplicationSupportsIndirectInputEvents = YES;
				INFOPLIST_KEY_UILaunchStoryboardName = LaunchScreen;
				INFOPLIST_KEY_UIMainStoryboardFile = Main;
				INFOPLIST_KEY_UISupportedInterfaceOrientations_iPad = "UIInterfaceOrientationPortrait UIInterfaceOrientationPortraitUpsideDown UIInterfaceOrientationLandscapeLeft UIInterfaceOrientationLandscapeRight";
				INFOPLIST_KEY_UISupportedInterfaceOrientations_iPhone = "UIInterfaceOrientationPortrait UIInterfaceOrientationLandscapeLeft UIInterfaceOrientationLandscapeRight";
				LD_RUNPATH_SEARCH_PATHS = (
					"$(inherited)",
					"@executable_path/Frameworks",
				);
				MARKETING_VERSION = 1.0;
				PRODUCT_BUNDLE_IDENTIFIER = com.erdicem.BreakingBad;
				PRODUCT_NAME = "$(TARGET_NAME)";
				SWIFT_EMIT_LOC_STRINGS = YES;
				SWIFT_VERSION = 5.0;
				TARGETED_DEVICE_FAMILY = "1,2";
			};
			name = Debug;
		};
		0566C706292EB213004797E0 /* Release */ = {
			isa = XCBuildConfiguration;
			buildSettings = {
				ASSETCATALOG_COMPILER_APPICON_NAME = AppIcon;
				ASSETCATALOG_COMPILER_GLOBAL_ACCENT_COLOR_NAME = AccentColor;
				CODE_SIGN_STYLE = Automatic;
				CURRENT_PROJECT_VERSION = 1;
				GENERATE_INFOPLIST_FILE = YES;
				INFOPLIST_FILE = BreakingBad/Info.plist;
				INFOPLIST_KEY_UIApplicationSupportsIndirectInputEvents = YES;
				INFOPLIST_KEY_UILaunchStoryboardName = LaunchScreen;
				INFOPLIST_KEY_UIMainStoryboardFile = Main;
				INFOPLIST_KEY_UISupportedInterfaceOrientations_iPad = "UIInterfaceOrientationPortrait UIInterfaceOrientationPortraitUpsideDown UIInterfaceOrientationLandscapeLeft UIInterfaceOrientationLandscapeRight";
				INFOPLIST_KEY_UISupportedInterfaceOrientations_iPhone = "UIInterfaceOrientationPortrait UIInterfaceOrientationLandscapeLeft UIInterfaceOrientationLandscapeRight";
				LD_RUNPATH_SEARCH_PATHS = (
					"$(inherited)",
					"@executable_path/Frameworks",
				);
				MARKETING_VERSION = 1.0;
				PRODUCT_BUNDLE_IDENTIFIER = com.erdicem.BreakingBad;
				PRODUCT_NAME = "$(TARGET_NAME)";
				SWIFT_EMIT_LOC_STRINGS = YES;
				SWIFT_VERSION = 5.0;
				TARGETED_DEVICE_FAMILY = "1,2";
			};
			name = Release;
		};
		0566C708292EB213004797E0 /* Debug */ = {
			isa = XCBuildConfiguration;
			buildSettings = {
				ALWAYS_EMBED_SWIFT_STANDARD_LIBRARIES = YES;
				BUNDLE_LOADER = "$(TEST_HOST)";
				CODE_SIGN_STYLE = Automatic;
				CURRENT_PROJECT_VERSION = 1;
				GENERATE_INFOPLIST_FILE = YES;
				IPHONEOS_DEPLOYMENT_TARGET = 16.1;
				MARKETING_VERSION = 1.0;
				PRODUCT_BUNDLE_IDENTIFIER = com.erdicem.BreakingBadTests;
				PRODUCT_NAME = "$(TARGET_NAME)";
				SWIFT_EMIT_LOC_STRINGS = NO;
				SWIFT_VERSION = 5.0;
				TARGETED_DEVICE_FAMILY = "1,2";
				TEST_HOST = "$(BUILT_PRODUCTS_DIR)/BreakingBad.app/$(BUNDLE_EXECUTABLE_FOLDER_PATH)/BreakingBad";
			};
			name = Debug;
		};
		0566C709292EB213004797E0 /* Release */ = {
			isa = XCBuildConfiguration;
			buildSettings = {
				ALWAYS_EMBED_SWIFT_STANDARD_LIBRARIES = YES;
				BUNDLE_LOADER = "$(TEST_HOST)";
				CODE_SIGN_STYLE = Automatic;
				CURRENT_PROJECT_VERSION = 1;
				GENERATE_INFOPLIST_FILE = YES;
				IPHONEOS_DEPLOYMENT_TARGET = 16.1;
				MARKETING_VERSION = 1.0;
				PRODUCT_BUNDLE_IDENTIFIER = com.erdicem.BreakingBadTests;
				PRODUCT_NAME = "$(TARGET_NAME)";
				SWIFT_EMIT_LOC_STRINGS = NO;
				SWIFT_VERSION = 5.0;
				TARGETED_DEVICE_FAMILY = "1,2";
				TEST_HOST = "$(BUILT_PRODUCTS_DIR)/BreakingBad.app/$(BUNDLE_EXECUTABLE_FOLDER_PATH)/BreakingBad";
			};
			name = Release;
		};
		0566C70B292EB213004797E0 /* Debug */ = {
			isa = XCBuildConfiguration;
			buildSettings = {
				ALWAYS_EMBED_SWIFT_STANDARD_LIBRARIES = YES;
				CODE_SIGN_STYLE = Automatic;
				CURRENT_PROJECT_VERSION = 1;
				GENERATE_INFOPLIST_FILE = YES;
				MARKETING_VERSION = 1.0;
				PRODUCT_BUNDLE_IDENTIFIER = com.erdicem.BreakingBadUITests;
				PRODUCT_NAME = "$(TARGET_NAME)";
				SWIFT_EMIT_LOC_STRINGS = NO;
				SWIFT_VERSION = 5.0;
				TARGETED_DEVICE_FAMILY = "1,2";
				TEST_TARGET_NAME = BreakingBad;
			};
			name = Debug;
		};
		0566C70C292EB213004797E0 /* Release */ = {
			isa = XCBuildConfiguration;
			buildSettings = {
				ALWAYS_EMBED_SWIFT_STANDARD_LIBRARIES = YES;
				CODE_SIGN_STYLE = Automatic;
				CURRENT_PROJECT_VERSION = 1;
				GENERATE_INFOPLIST_FILE = YES;
				MARKETING_VERSION = 1.0;
				PRODUCT_BUNDLE_IDENTIFIER = com.erdicem.BreakingBadUITests;
				PRODUCT_NAME = "$(TARGET_NAME)";
				SWIFT_EMIT_LOC_STRINGS = NO;
				SWIFT_VERSION = 5.0;
				TARGETED_DEVICE_FAMILY = "1,2";
				TEST_TARGET_NAME = BreakingBad;
			};
			name = Release;
		};
/* End XCBuildConfiguration section */

/* Begin XCConfigurationList section */
		0566C6D5292EB212004797E0 /* Build configuration list for PBXProject "BreakingBad" */ = {
			isa = XCConfigurationList;
			buildConfigurations = (
				0566C702292EB213004797E0 /* Debug */,
				0566C703292EB213004797E0 /* Release */,
			);
			defaultConfigurationIsVisible = 0;
			defaultConfigurationName = Release;
		};
		0566C704292EB213004797E0 /* Build configuration list for PBXNativeTarget "BreakingBad" */ = {
			isa = XCConfigurationList;
			buildConfigurations = (
				0566C705292EB213004797E0 /* Debug */,
				0566C706292EB213004797E0 /* Release */,
			);
			defaultConfigurationIsVisible = 0;
			defaultConfigurationName = Release;
		};
		0566C707292EB213004797E0 /* Build configuration list for PBXNativeTarget "BreakingBadTests" */ = {
			isa = XCConfigurationList;
			buildConfigurations = (
				0566C708292EB213004797E0 /* Debug */,
				0566C709292EB213004797E0 /* Release */,
			);
			defaultConfigurationIsVisible = 0;
			defaultConfigurationName = Release;
		};
		0566C70A292EB213004797E0 /* Build configuration list for PBXNativeTarget "BreakingBadUITests" */ = {
			isa = XCConfigurationList;
			buildConfigurations = (
				0566C70B292EB213004797E0 /* Debug */,
				0566C70C292EB213004797E0 /* Release */,
			);
			defaultConfigurationIsVisible = 0;
			defaultConfigurationName = Release;
		};
/* End XCConfigurationList section */
	};
	rootObject = 0566C6D2292EB212004797E0 /* Project object */;
}
